// !$*UTF8*$!
{
	archiveVersion = 1;
	classes = {
	};
	objectVersion = 77;
	objects = {

/* Begin PBXBuildFile section */
		434A8CFE2D51025B002C50DC /* Launch Screen.storyboard in Resources */ = {isa = PBXBuildFile; fileRef = 434A8CFD2D51025B002C50DC /* Launch Screen.storyboard */; };
/* End PBXBuildFile section */

/* Begin PBXContainerItemProxy section */
		43A3439B2D4CD36400B0E411 /* PBXContainerItemProxy */ = {
			isa = PBXContainerItemProxy;
			containerPortal = 43A343822D4CD36300B0E411 /* Project object */;
			proxyType = 1;
			remoteGlobalIDString = 43A343892D4CD36300B0E411;
			remoteInfo = udemy;
		};
		43A343A52D4CD36400B0E411 /* PBXContainerItemProxy */ = {
			isa = PBXContainerItemProxy;
			containerPortal = 43A343822D4CD36300B0E411 /* Project object */;
			proxyType = 1;
			remoteGlobalIDString = 43A343892D4CD36300B0E411;
			remoteInfo = udemy;
		};
/* End PBXContainerItemProxy section */

/* Begin PBXFileReference section */
		434A8CFC2D51025B002C50DC /* Base */ = {isa = PBXFileReference; lastKnownFileType = file.storyboard; name = Base; path = "Base.lproj/Launch Screen.storyboard"; sourceTree = "<group>"; };
		434A8CFF2D51025B002C50DC /* mul */ = {isa = PBXFileReference; lastKnownFileType = text.json.xcstrings; name = mul; path = "mul.lproj/Launch Screen.xcstrings"; sourceTree = "<group>"; };
		43A3438A2D4CD36300B0E411 /* udemy.app */ = {isa = PBXFileReference; explicitFileType = wrapper.application; includeInIndex = 0; path = udemy.app; sourceTree = BUILT_PRODUCTS_DIR; };
		43A3439A2D4CD36400B0E411 /* udemyTests.xctest */ = {isa = PBXFileReference; explicitFileType = wrapper.cfbundle; includeInIndex = 0; path = udemyTests.xctest; sourceTree = BUILT_PRODUCTS_DIR; };
		43A343A42D4CD36400B0E411 /* udemyUITests.xctest */ = {isa = PBXFileReference; explicitFileType = wrapper.cfbundle; includeInIndex = 0; path = udemyUITests.xctest; sourceTree = BUILT_PRODUCTS_DIR; };
/* End PBXFileReference section */

/* Begin PBXFileSystemSynchronizedRootGroup section */
		43A3438C2D4CD36300B0E411 /* udemy */ = {
			isa = PBXFileSystemSynchronizedRootGroup;
			path = udemy;
			sourceTree = "<group>";
		};
		43A3439D2D4CD36400B0E411 /* udemyTests */ = {
			isa = PBXFileSystemSynchronizedRootGroup;
			path = udemyTests;
			sourceTree = "<group>";
		};
		43A343A72D4CD36400B0E411 /* udemyUITests */ = {
			isa = PBXFileSystemSynchronizedRootGroup;
			path = udemyUITests;
			sourceTree = "<group>";
		};
/* End PBXFileSystemSynchronizedRootGroup section */

/* Begin PBXFrameworksBuildPhase section */
		43A343872D4CD36300B0E411 /* Frameworks */ = {
			isa = PBXFrameworksBuildPhase;
			buildActionMask = 2147483647;
			files = (
			);
			runOnlyForDeploymentPostprocessing = 0;
		};
		43A343972D4CD36400B0E411 /* Frameworks */ = {
			isa = PBXFrameworksBuildPhase;
			buildActionMask = 2147483647;
			files = (
			);
			runOnlyForDeploymentPostprocessing = 0;
		};
		43A343A12D4CD36400B0E411 /* Frameworks */ = {
			isa = PBXFrameworksBuildPhase;
			buildActionMask = 2147483647;
			files = (
			);
			runOnlyForDeploymentPostprocessing = 0;
		};
/* End PBXFrameworksBuildPhase section */

/* Begin PBXGroup section */
		43A343812D4CD36300B0E411 = {
			isa = PBXGroup;
			children = (
				434A8CFD2D51025B002C50DC /* Launch Screen.storyboard */,
				43A3438C2D4CD36300B0E411 /* udemy */,
				43A3439D2D4CD36400B0E411 /* udemyTests */,
				43A343A72D4CD36400B0E411 /* udemyUITests */,
				43A3438B2D4CD36300B0E411 /* Products */,
			);
			sourceTree = "<group>";
		};
		43A3438B2D4CD36300B0E411 /* Products */ = {
			isa = PBXGroup;
			children = (
				43A3438A2D4CD36300B0E411 /* udemy.app */,
				43A3439A2D4CD36400B0E411 /* udemyTests.xctest */,
				43A343A42D4CD36400B0E411 /* udemyUITests.xctest */,
			);
			name = Products;
			sourceTree = "<group>";
		};
/* End PBXGroup section */

/* Begin PBXNativeTarget section */
		43A343892D4CD36300B0E411 /* udemy */ = {
			isa = PBXNativeTarget;
			buildConfigurationList = 43A343AE2D4CD36400B0E411 /* Build configuration list for PBXNativeTarget "udemy" */;
			buildPhases = (
				43A343862D4CD36300B0E411 /* Sources */,
				43A343872D4CD36300B0E411 /* Frameworks */,
				43A343882D4CD36300B0E411 /* Resources */,
			);
			buildRules = (
			);
			dependencies = (
			);
			fileSystemSynchronizedGroups = (
				43A3438C2D4CD36300B0E411 /* udemy */,
			);
			name = udemy;
			packageProductDependencies = (
			);
			productName = udemy;
			productReference = 43A3438A2D4CD36300B0E411 /* udemy.app */;
			productType = "com.apple.product-type.application";
		};
		43A343992D4CD36400B0E411 /* udemyTests */ = {
			isa = PBXNativeTarget;
			buildConfigurationList = 43A343B12D4CD36400B0E411 /* Build configuration list for PBXNativeTarget "udemyTests" */;
			buildPhases = (
				43A343962D4CD36400B0E411 /* Sources */,
				43A343972D4CD36400B0E411 /* Frameworks */,
				43A343982D4CD36400B0E411 /* Resources */,
			);
			buildRules = (
			);
			dependencies = (
				43A3439C2D4CD36400B0E411 /* PBXTargetDependency */,
			);
			fileSystemSynchronizedGroups = (
				43A3439D2D4CD36400B0E411 /* udemyTests */,
			);
			name = udemyTests;
			packageProductDependencies = (
			);
			productName = udemyTests;
			productReference = 43A3439A2D4CD36400B0E411 /* udemyTests.xctest */;
			productType = "com.apple.product-type.bundle.unit-test";
		};
		43A343A32D4CD36400B0E411 /* udemyUITests */ = {
			isa = PBXNativeTarget;
			buildConfigurationList = 43A343B42D4CD36400B0E411 /* Build configuration list for PBXNativeTarget "udemyUITests" */;
			buildPhases = (
				43A343A02D4CD36400B0E411 /* Sources */,
				43A343A12D4CD36400B0E411 /* Frameworks */,
				43A343A22D4CD36400B0E411 /* Resources */,
			);
			buildRules = (
			);
			dependencies = (
				43A343A62D4CD36400B0E411 /* PBXTargetDependency */,
			);
			fileSystemSynchronizedGroups = (
				43A343A72D4CD36400B0E411 /* udemyUITests */,
			);
			name = udemyUITests;
			packageProductDependencies = (
			);
			productName = udemyUITests;
			productReference = 43A343A42D4CD36400B0E411 /* udemyUITests.xctest */;
			productType = "com.apple.product-type.bundle.ui-testing";
		};
/* End PBXNativeTarget section */

/* Begin PBXProject section */
		43A343822D4CD36300B0E411 /* Project object */ = {
			isa = PBXProject;
			attributes = {
				BuildIndependentTargetsInParallel = 1;
				LastSwiftUpdateCheck = 1620;
				LastUpgradeCheck = 1620;
				TargetAttributes = {
					43A343892D4CD36300B0E411 = {
						CreatedOnToolsVersion = 16.2;
					};
					43A343992D4CD36400B0E411 = {
						CreatedOnToolsVersion = 16.2;
						TestTargetID = 43A343892D4CD36300B0E411;
					};
					43A343A32D4CD36400B0E411 = {
						CreatedOnToolsVersion = 16.2;
						TestTargetID = 43A343892D4CD36300B0E411;
					};
				};
			};
			buildConfigurationList = 43A343852D4CD36300B0E411 /* Build configuration list for PBXProject "udemy" */;
			developmentRegion = en;
			hasScannedForEncodings = 0;
			knownRegions = (
				en,
				Base,
				ar,
				es,
				he,
			);
			mainGroup = 43A343812D4CD36300B0E411;
			minimizedProjectReferenceProxies = 1;
			preferredProjectObjectVersion = 77;
			productRefGroup = 43A3438B2D4CD36300B0E411 /* Products */;
			projectDirPath = "";
			projectRoot = "";
			targets = (
				43A343892D4CD36300B0E411 /* udemy */,
				43A343992D4CD36400B0E411 /* udemyTests */,
				43A343A32D4CD36400B0E411 /* udemyUITests */,
			);
		};
/* End PBXProject section */

/* Begin PBXResourcesBuildPhase section */
		43A343882D4CD36300B0E411 /* Resources */ = {
			isa = PBXResourcesBuildPhase;
			buildActionMask = 2147483647;
			files = (
				434A8CFE2D51025B002C50DC /* Launch Screen.storyboard in Resources */,
			);
			runOnlyForDeploymentPostprocessing = 0;
		};
		43A343982D4CD36400B0E411 /* Resources */ = {
			isa = PBXResourcesBuildPhase;
			buildActionMask = 2147483647;
			files = (
			);
			runOnlyForDeploymentPostprocessing = 0;
		};
		43A343A22D4CD36400B0E411 /* Resources */ = {
			isa = PBXResourcesBuildPhase;
			buildActionMask = 2147483647;
			files = (
			);
			runOnlyForDeploymentPostprocessing = 0;
		};
/* End PBXResourcesBuildPhase section */

/* Begin PBXSourcesBuildPhase section */
		43A343862D4CD36300B0E411 /* Sources */ = {
			isa = PBXSourcesBuildPhase;
			buildActionMask = 2147483647;
			files = (
			);
			runOnlyForDeploymentPostprocessing = 0;
		};
		43A343962D4CD36400B0E411 /* Sources */ = {
			isa = PBXSourcesBuildPhase;
			buildActionMask = 2147483647;
			files = (
			);
			runOnlyForDeploymentPostprocessing = 0;
		};
		43A343A02D4CD36400B0E411 /* Sources */ = {
			isa = PBXSourcesBuildPhase;
			buildActionMask = 2147483647;
			files = (
			);
			runOnlyForDeploymentPostprocessing = 0;
		};
/* End PBXSourcesBuildPhase section */

/* Begin PBXTargetDependency section */
		43A3439C2D4CD36400B0E411 /* PBXTargetDependency */ = {
			isa = PBXTargetDependency;
			target = 43A343892D4CD36300B0E411 /* udemy */;
			targetProxy = 43A3439B2D4CD36400B0E411 /* PBXContainerItemProxy */;
		};
		43A343A62D4CD36400B0E411 /* PBXTargetDependency */ = {
			isa = PBXTargetDependency;
			target = 43A343892D4CD36300B0E411 /* udemy */;
			targetProxy = 43A343A52D4CD36400B0E411 /* PBXContainerItemProxy */;
		};
/* End PBXTargetDependency section */

/* Begin PBXVariantGroup section */
		434A8CFD2D51025B002C50DC /* Launch Screen.storyboard */ = {
			isa = PBXVariantGroup;
			children = (
				434A8CFC2D51025B002C50DC /* Base */,
				434A8CFF2D51025B002C50DC /* mul */,
			);
			name = "Launch Screen.storyboard";
			path = udemy;
			sourceTree = "<group>";
		};
/* End PBXVariantGroup section */

/* Begin XCBuildConfiguration section */
		43A343AC2D4CD36400B0E411 /* Debug */ = {
			isa = XCBuildConfiguration;
			buildSettings = {
				ALWAYS_SEARCH_USER_PATHS = NO;
				ASSETCATALOG_COMPILER_GENERATE_SWIFT_ASSET_SYMBOL_EXTENSIONS = YES;
				CLANG_ANALYZER_NONNULL = YES;
				CLANG_ANALYZER_NUMBER_OBJECT_CONVERSION = YES_AGGRESSIVE;
				CLANG_CXX_LANGUAGE_STANDARD = "gnu++20";
				CLANG_ENABLE_MODULES = YES;
				CLANG_ENABLE_OBJC_ARC = YES;
				CLANG_ENABLE_OBJC_WEAK = YES;
				CLANG_WARN_BLOCK_CAPTURE_AUTORELEASING = YES;
				CLANG_WARN_BOOL_CONVERSION = YES;
				CLANG_WARN_COMMA = YES;
				CLANG_WARN_CONSTANT_CONVERSION = YES;
				CLANG_WARN_DEPRECATED_OBJC_IMPLEMENTATIONS = YES;
				CLANG_WARN_DIRECT_OBJC_ISA_USAGE = YES_ERROR;
				CLANG_WARN_DOCUMENTATION_COMMENTS = YES;
				CLANG_WARN_EMPTY_BODY = YES;
				CLANG_WARN_ENUM_CONVERSION = YES;
				CLANG_WARN_INFINITE_RECURSION = YES;
				CLANG_WARN_INT_CONVERSION = YES;
				CLANG_WARN_NON_LITERAL_NULL_CONVERSION = YES;
				CLANG_WARN_OBJC_IMPLICIT_RETAIN_SELF = YES;
				CLANG_WARN_OBJC_LITERAL_CONVERSION = YES;
				CLANG_WARN_OBJC_ROOT_CLASS = YES_ERROR;
				CLANG_WARN_QUOTED_INCLUDE_IN_FRAMEWORK_HEADER = YES;
				CLANG_WARN_RANGE_LOOP_ANALYSIS = YES;
				CLANG_WARN_STRICT_PROTOTYPES = YES;
				CLANG_WARN_SUSPICIOUS_MOVE = YES;
				CLANG_WARN_UNGUARDED_AVAILABILITY = YES_AGGRESSIVE;
				CLANG_WARN_UNREACHABLE_CODE = YES;
				CLANG_WARN__DUPLICATE_METHOD_MATCH = YES;
				COPY_PHASE_STRIP = NO;
				DEBUG_INFORMATION_FORMAT = dwarf;
				ENABLE_STRICT_OBJC_MSGSEND = YES;
				ENABLE_TESTABILITY = YES;
				ENABLE_USER_SCRIPT_SANDBOXING = YES;
				GCC_C_LANGUAGE_STANDARD = gnu17;
				GCC_DYNAMIC_NO_PIC = NO;
				GCC_NO_COMMON_BLOCKS = YES;
				GCC_OPTIMIZATION_LEVEL = 0;
				GCC_PREPROCESSOR_DEFINITIONS = (
					"DEBUG=1",
					"$(inherited)",
				);
				GCC_WARN_64_TO_32_BIT_CONVERSION = YES;
				GCC_WARN_ABOUT_RETURN_TYPE = YES_ERROR;
				GCC_WARN_UNDECLARED_SELECTOR = YES;
				GCC_WARN_UNINITIALIZED_AUTOS = YES_AGGRESSIVE;
				GCC_WARN_UNUSED_FUNCTION = YES;
				GCC_WARN_UNUSED_VARIABLE = YES;
				IPHONEOS_DEPLOYMENT_TARGET = 18.2;
				LOCALIZATION_PREFERS_STRING_CATALOGS = YES;
				MTL_ENABLE_DEBUG_INFO = INCLUDE_SOURCE;
				MTL_FAST_MATH = YES;
				ONLY_ACTIVE_ARCH = YES;
				SDKROOT = iphoneos;
				SWIFT_ACTIVE_COMPILATION_CONDITIONS = "DEBUG $(inherited)";
				SWIFT_EMIT_LOC_STRINGS = YES;
				SWIFT_OPTIMIZATION_LEVEL = "-Onone";
			};
			name = Debug;
		};
		43A343AD2D4CD36400B0E411 /* Release */ = {
			isa = XCBuildConfiguration;
			buildSettings = {
				ALWAYS_SEARCH_USER_PATHS = NO;
				ASSETCATALOG_COMPILER_GENERATE_SWIFT_ASSET_SYMBOL_EXTENSIONS = YES;
				CLANG_ANALYZER_NONNULL = YES;
				CLANG_ANALYZER_NUMBER_OBJECT_CONVERSION = YES_AGGRESSIVE;
				CLANG_CXX_LANGUAGE_STANDARD = "gnu++20";
				CLANG_ENABLE_MODULES = YES;
				CLANG_ENABLE_OBJC_ARC = YES;
				CLANG_ENABLE_OBJC_WEAK = YES;
				CLANG_WARN_BLOCK_CAPTURE_AUTORELEASING = YES;
				CLANG_WARN_BOOL_CONVERSION = YES;
				CLANG_WARN_COMMA = YES;
				CLANG_WARN_CONSTANT_CONVERSION = YES;
				CLANG_WARN_DEPRECATED_OBJC_IMPLEMENTATIONS = YES;
				CLANG_WARN_DIRECT_OBJC_ISA_USAGE = YES_ERROR;
				CLANG_WARN_DOCUMENTATION_COMMENTS = YES;
				CLANG_WARN_EMPTY_BODY = YES;
				CLANG_WARN_ENUM_CONVERSION = YES;
				CLANG_WARN_INFINITE_RECURSION = YES;
				CLANG_WARN_INT_CONVERSION = YES;
				CLANG_WARN_NON_LITERAL_NULL_CONVERSION = YES;
				CLANG_WARN_OBJC_IMPLICIT_RETAIN_SELF = YES;
				CLANG_WARN_OBJC_LITERAL_CONVERSION = YES;
				CLANG_WARN_OBJC_ROOT_CLASS = YES_ERROR;
				CLANG_WARN_QUOTED_INCLUDE_IN_FRAMEWORK_HEADER = YES;
				CLANG_WARN_RANGE_LOOP_ANALYSIS = YES;
				CLANG_WARN_STRICT_PROTOTYPES = YES;
				CLANG_WARN_SUSPICIOUS_MOVE = YES;
				CLANG_WARN_UNGUARDED_AVAILABILITY = YES_AGGRESSIVE;
				CLANG_WARN_UNREACHABLE_CODE = YES;
				CLANG_WARN__DUPLICATE_METHOD_MATCH = YES;
				COPY_PHASE_STRIP = NO;
				DEBUG_INFORMATION_FORMAT = "dwarf-with-dsym";
				ENABLE_NS_ASSERTIONS = NO;
				ENABLE_STRICT_OBJC_MSGSEND = YES;
				ENABLE_USER_SCRIPT_SANDBOXING = YES;
				GCC_C_LANGUAGE_STANDARD = gnu17;
				GCC_NO_COMMON_BLOCKS = YES;
				GCC_WARN_64_TO_32_BIT_CONVERSION = YES;
				GCC_WARN_ABOUT_RETURN_TYPE = YES_ERROR;
				GCC_WARN_UNDECLARED_SELECTOR = YES;
				GCC_WARN_UNINITIALIZED_AUTOS = YES_AGGRESSIVE;
				GCC_WARN_UNUSED_FUNCTION = YES;
				GCC_WARN_UNUSED_VARIABLE = YES;
				IPHONEOS_DEPLOYMENT_TARGET = 18.2;
				LOCALIZATION_PREFERS_STRING_CATALOGS = YES;
				MTL_ENABLE_DEBUG_INFO = NO;
				MTL_FAST_MATH = YES;
				SDKROOT = iphoneos;
				SWIFT_COMPILATION_MODE = wholemodule;
				SWIFT_EMIT_LOC_STRINGS = YES;
				VALIDATE_PRODUCT = YES;
			};
			name = Release;
		};
		43A343AF2D4CD36400B0E411 /* Debug */ = {
			isa = XCBuildConfiguration;
			buildSettings = {
				ASSETCATALOG_COMPILER_APPICON_NAME = AppIcon;
				ASSETCATALOG_COMPILER_GLOBAL_ACCENT_COLOR_NAME = AccentColor;
				CODE_SIGN_STYLE = Automatic;
				CURRENT_PROJECT_VERSION = 1;
				DEVELOPMENT_ASSET_PATHS = "\"udemy/Preview Content\"";
				DEVELOPMENT_TEAM = 3S54R478FL;
				ENABLE_PREVIEWS = YES;
				GENERATE_INFOPLIST_FILE = YES;
				INFOPLIST_KEY_UIApplicationSceneManifest_Generation = YES;
				INFOPLIST_KEY_UIApplicationSupportsIndirectInputEvents = YES;
				INFOPLIST_KEY_UILaunchScreen_Generation = YES;
				INFOPLIST_KEY_UILaunchStoryboardName = "Launch Screen.storyboard";
				INFOPLIST_KEY_UISupportedInterfaceOrientations_iPad = "UIInterfaceOrientationPortrait UIInterfaceOrientationPortraitUpsideDown UIInterfaceOrientationLandscapeLeft UIInterfaceOrientationLandscapeRight";
				INFOPLIST_KEY_UISupportedInterfaceOrientations_iPhone = "UIInterfaceOrientationPortrait UIInterfaceOrientationLandscapeLeft UIInterfaceOrientationLandscapeRight";
				LD_RUNPATH_SEARCH_PATHS = (
					"$(inherited)",
					"@executable_path/Frameworks",
				);
				MARKETING_VERSION = 1.0;
				PRODUCT_BUNDLE_IDENTIFIER = berhili.udemy;
				PRODUCT_NAME = "$(TARGET_NAME)";
				SWIFT_EMIT_LOC_STRINGS = YES;
				SWIFT_VERSION = 5.0;
				TARGETED_DEVICE_FAMILY = "1,2";
			};
			name = Debug;
		};
		43A343B02D4CD36400B0E411 /* Release */ = {
			isa = XCBuildConfiguration;
			buildSettings = {
				ASSETCATALOG_COMPILER_APPICON_NAME = AppIcon;
				ASSETCATALOG_COMPILER_GLOBAL_ACCENT_COLOR_NAME = AccentColor;
				CODE_SIGN_STYLE = Automatic;
				CURRENT_PROJECT_VERSION = 1;
				DEVELOPMENT_ASSET_PATHS = "\"udemy/Preview Content\"";
				DEVELOPMENT_TEAM = 3S54R478FL;
				ENABLE_PREVIEWS = YES;
				GENERATE_INFOPLIST_FILE = YES;
				INFOPLIST_KEY_UIApplicationSceneManifest_Generation = YES;
				INFOPLIST_KEY_UIApplicationSupportsIndirectInputEvents = YES;
				INFOPLIST_KEY_UILaunchScreen_Generation = YES;
				INFOPLIST_KEY_UILaunchStoryboardName = "Launch Screen.storyboard";
				INFOPLIST_KEY_UISupportedInterfaceOrientations_iPad = "UIInterfaceOrientationPortrait UIInterfaceOrientationPortraitUpsideDown UIInterfaceOrientationLandscapeLeft UIInterfaceOrientationLandscapeRight";
				INFOPLIST_KEY_UISupportedInterfaceOrientations_iPhone = "UIInterfaceOrientationPortrait UIInterfaceOrientationLandscapeLeft UIInterfaceOrientationLandscapeRight";
				LD_RUNPATH_SEARCH_PATHS = (
					"$(inherited)",
					"@executable_path/Frameworks",
				);
				MARKETING_VERSION = 1.0;
				PRODUCT_BUNDLE_IDENTIFIER = berhili.udemy;
				PRODUCT_NAME = "$(TARGET_NAME)";
				SWIFT_EMIT_LOC_STRINGS = YES;
				SWIFT_VERSION = 5.0;
				TARGETED_DEVICE_FAMILY = "1,2";
			};
			name = Release;
		};
		43A343B22D4CD36400B0E411 /* Debug */ = {
			isa = XCBuildConfiguration;
			buildSettings = {
				BUNDLE_LOADER = "$(TEST_HOST)";
				CODE_SIGN_STYLE = Automatic;
				CURRENT_PROJECT_VERSION = 1;
				DEVELOPMENT_TEAM = 3S54R478FL;
				GENERATE_INFOPLIST_FILE = YES;
				IPHONEOS_DEPLOYMENT_TARGET = 18.2;
				MARKETING_VERSION = 1.0;
				PRODUCT_BUNDLE_IDENTIFIER = berhili.udemyTests;
				PRODUCT_NAME = "$(TARGET_NAME)";
				SWIFT_EMIT_LOC_STRINGS = NO;
				SWIFT_VERSION = 5.0;
				TARGETED_DEVICE_FAMILY = "1,2";
				TEST_HOST = "$(BUILT_PRODUCTS_DIR)/udemy.app/$(BUNDLE_EXECUTABLE_FOLDER_PATH)/udemy";
			};
			name = Debug;
		};
		43A343B32D4CD36400B0E411 /* Release */ = {
			isa = XCBuildConfiguration;
			buildSettings = {
				BUNDLE_LOADER = "$(TEST_HOST)";
				CODE_SIGN_STYLE = Automatic;
				CURRENT_PROJECT_VERSION = 1;
				DEVELOPMENT_TEAM = 3S54R478FL;
				GENERATE_INFOPLIST_FILE = YES;
				IPHONEOS_DEPLOYMENT_TARGET = 18.2;
				MARKETING_VERSION = 1.0;
				PRODUCT_BUNDLE_IDENTIFIER = berhili.udemyTests;
				PRODUCT_NAME = "$(TARGET_NAME)";
				SWIFT_EMIT_LOC_STRINGS = NO;
				SWIFT_VERSION = 5.0;
				TARGETED_DEVICE_FAMILY = "1,2";
				TEST_HOST = "$(BUILT_PRODUCTS_DIR)/udemy.app/$(BUNDLE_EXECUTABLE_FOLDER_PATH)/udemy";
			};
			name = Release;
		};
		43A343B52D4CD36400B0E411 /* Debug */ = {
			isa = XCBuildConfiguration;
			buildSettings = {
				CODE_SIGN_STYLE = Automatic;
				CURRENT_PROJECT_VERSION = 1;
				DEVELOPMENT_TEAM = 3S54R478FL;
				GENERATE_INFOPLIST_FILE = YES;
				MARKETING_VERSION = 1.0;
				PRODUCT_BUNDLE_IDENTIFIER = berhili.udemyUITests;
				PRODUCT_NAME = "$(TARGET_NAME)";
				SWIFT_EMIT_LOC_STRINGS = NO;
				SWIFT_VERSION = 5.0;
				TARGETED_DEVICE_FAMILY = "1,2";
				TEST_TARGET_NAME = udemy;
			};
			name = Debug;
		};
		43A343B62D4CD36400B0E411 /* Release */ = {
			isa = XCBuildConfiguration;
			buildSettings = {
				CODE_SIGN_STYLE = Automatic;
				CURRENT_PROJECT_VERSION = 1;
				DEVELOPMENT_TEAM = 3S54R478FL;
				GENERATE_INFOPLIST_FILE = YES;
				MARKETING_VERSION = 1.0;
				PRODUCT_BUNDLE_IDENTIFIER = berhili.udemyUITests;
				PRODUCT_NAME = "$(TARGET_NAME)";
				SWIFT_EMIT_LOC_STRINGS = NO;
				SWIFT_VERSION = 5.0;
				TARGETED_DEVICE_FAMILY = "1,2";
				TEST_TARGET_NAME = udemy;
			};
			name = Release;
		};
/* End XCBuildConfiguration section */

/* Begin XCConfigurationList section */
		43A343852D4CD36300B0E411 /* Build configuration list for PBXProject "udemy" */ = {
			isa = XCConfigurationList;
			buildConfigurations = (
				43A343AC2D4CD36400B0E411 /* Debug */,
				43A343AD2D4CD36400B0E411 /* Release */,
			);
			defaultConfigurationIsVisible = 0;
			defaultConfigurationName = Release;
		};
		43A343AE2D4CD36400B0E411 /* Build configuration list for PBXNativeTarget "udemy" */ = {
			isa = XCConfigurationList;
			buildConfigurations = (
				43A343AF2D4CD36400B0E411 /* Debug */,
				43A343B02D4CD36400B0E411 /* Release */,
			);
			defaultConfigurationIsVisible = 0;
			defaultConfigurationName = Release;
		};
		43A343B12D4CD36400B0E411 /* Build configuration list for PBXNativeTarget "udemyTests" */ = {
			isa = XCConfigurationList;
			buildConfigurations = (
				43A343B22D4CD36400B0E411 /* Debug */,
				43A343B32D4CD36400B0E411 /* Release */,
			);
			defaultConfigurationIsVisible = 0;
			defaultConfigurationName = Release;
		};
		43A343B42D4CD36400B0E411 /* Build configuration list for PBXNativeTarget "udemyUITests" */ = {
			isa = XCConfigurationList;
			buildConfigurations = (
				43A343B52D4CD36400B0E411 /* Debug */,
				43A343B62D4CD36400B0E411 /* Release */,
			);
			defaultConfigurationIsVisible = 0;
			defaultConfigurationName = Release;
		};
/* End XCConfigurationList section */
	};
	rootObject = 43A343822D4CD36300B0E411 /* Project object */;
}
